
Microsoft Visual Studio Solution File, Format Version 12.00
# Visual Studio Version 16
VisualStudioVersion = 16.0.29519.181
MinimumVisualStudioVersion = 10.0.40219.1
Project("{FAE04EC0-301F-11D3-BF4B-00C04F79EFBC}") = "SocketClient", "SocketClient\SocketClient.csproj", "{3A913C88-F513-48F3-8AE3-E237411C10A4}"
EndProject
Global
	GlobalSection(SolutionConfigurationPlatforms) = preSolution
		Debug|Any CPU = Debug|Any CPU
		Release|Any CPU = Release|Any CPU
	EndGlobalSection
	GlobalSection(ProjectConfigurationPlatforms) = postSolution
		{3A913C88-F513-48F3-8AE3-E237411C10A4}.Debug|Any CPU.ActiveCfg = Debug|Any CPU
		{3A913C88-F513-48F3-8AE3-E237411C10A4}.Debug|Any CPU.Build.0 = Debug|Any CPU
		{3A913C88-F513-48F3-8AE3-E237411C10A4}.Release|Any CPU.ActiveCfg = Release|Any CPU
		{3A913C88-F513-48F3-8AE3-E237411C10A4}.Release|Any CPU.Build.0 = Release|Any CPU
	EndGlobalSection
	GlobalSection(SolutionProperties) = preSolution
		HideSolutionNode = FALSE
	EndGlobalSection
	GlobalSection(ExtensibilityGlobals) = postSolution
		SolutionGuid = {706C6102-A6D7-4CCD-B64F-56BD1D2C6318}
	EndGlobalSection
EndGlobal
